// !$*UTF8*$!
{
	archiveVersion = 1;
	classes = {
	};
	objectVersion = 50;
	objects = {

/* Begin PBXBuildFile section */
		D72AD78929E72E5C00DCC2D1 /* UIKit.framework in Frameworks */ = {isa = PBXBuildFile; fileRef = D72AD78829E72E5C00DCC2D1 /* UIKit.framework */; };
		D7311E6029E72A3C0085BB99 /* AppDelegate.m in Sources */ = {isa = PBXBuildFile; fileRef = D7311E5F29E72A3C0085BB99 /* AppDelegate.m */; };
		D7311E6629E72A3C0085BB99 /* FirstViewController.m in Sources */ = {isa = PBXBuildFile; fileRef = D7311E6529E72A3C0085BB99 /* FirstViewController.m */; };
		D7311E6B29E72A3D0085BB99 /* Assets.xcassets in Resources */ = {isa = PBXBuildFile; fileRef = D7311E6A29E72A3D0085BB99 /* Assets.xcassets */; };
		D7311E6E29E72A3D0085BB99 /* LaunchScreen.storyboard in Resources */ = {isa = PBXBuildFile; fileRef = D7311E6C29E72A3D0085BB99 /* LaunchScreen.storyboard */; };
		D7311E7129E72A3D0085BB99 /* main.m in Sources */ = {isa = PBXBuildFile; fileRef = D7311E7029E72A3D0085BB99 /* main.m */; };
/* End PBXBuildFile section */

/* Begin PBXFileReference section */
		D72AD78829E72E5C00DCC2D1 /* UIKit.framework */ = {isa = PBXFileReference; lastKnownFileType = wrapper.framework; name = UIKit.framework; path = System/Library/Frameworks/UIKit.framework; sourceTree = SDKROOT; };
		D7311E5B29E72A3C0085BB99 /* BlankAppDemo.app */ = {isa = PBXFileReference; explicitFileType = wrapper.application; includeInIndex = 0; path = BlankAppDemo.app; sourceTree = BUILT_PRODUCTS_DIR; };
		D7311E5E29E72A3C0085BB99 /* AppDelegate.h */ = {isa = PBXFileReference; lastKnownFileType = sourcecode.c.h; path = AppDelegate.h; sourceTree = "<group>"; };
		D7311E5F29E72A3C0085BB99 /* AppDelegate.m */ = {isa = PBXFileReference; lastKnownFileType = sourcecode.c.objc; path = AppDelegate.m; sourceTree = "<group>"; };
		D7311E6429E72A3C0085BB99 /* FirstViewController.h */ = {isa = PBXFileReference; lastKnownFileType = sourcecode.c.h; path = FirstViewController.h; sourceTree = "<group>"; };
		D7311E6529E72A3C0085BB99 /* FirstViewController.m */ = {isa = PBXFileReference; lastKnownFileType = sourcecode.c.objc; path = FirstViewController.m; sourceTree = "<group>"; };
		D7311E6A29E72A3D0085BB99 /* Assets.xcassets */ = {isa = PBXFileReference; lastKnownFileType = folder.assetcatalog; path = Assets.xcassets; sourceTree = "<group>"; };
		D7311E6D29E72A3D0085BB99 /* Base */ = {isa = PBXFileReference; lastKnownFileType = file.storyboard; name = Base; path = Base.lproj/LaunchScreen.storyboard; sourceTree = "<group>"; };
		D7311E6F29E72A3D0085BB99 /* Info.plist */ = {isa = PBXFileReference; lastKnownFileType = text.plist.xml; path = Info.plist; sourceTree = "<group>"; };
		D7311E7029E72A3D0085BB99 /* main.m */ = {isa = PBXFileReference; lastKnownFileType = sourcecode.c.objc; path = main.m; sourceTree = "<group>"; };
/* End PBXFileReference section */

/* Begin PBXFrameworksBuildPhase section */
		D7311E5829E72A3C0085BB99 /* Frameworks */ = {
			isa = PBXFrameworksBuildPhase;
			buildActionMask = 2147483647;
			files = (
				D72AD78929E72E5C00DCC2D1 /* UIKit.framework in Frameworks */,
			);
			runOnlyForDeploymentPostprocessing = 0;
		};
/* End PBXFrameworksBuildPhase section */

/* Begin PBXGroup section */
		D72AD78729E72E5C00DCC2D1 /* Frameworks */ = {
			isa = PBXGroup;
			children = (
				D72AD78829E72E5C00DCC2D1 /* UIKit.framework */,
			);
			name = Frameworks;
			sourceTree = "<group>";
		};
		D7311E5229E72A3C0085BB99 = {
			isa = PBXGroup;
			children = (
				D7311E5D29E72A3C0085BB99 /* BlankAppDemo */,
				D7311E5C29E72A3C0085BB99 /* Products */,
				D72AD78729E72E5C00DCC2D1 /* Frameworks */,
			);
			sourceTree = "<group>";
		};
		D7311E5C29E72A3C0085BB99 /* Products */ = {
			isa = PBXGroup;
			children = (
				D7311E5B29E72A3C0085BB99 /* BlankAppDemo.app */,
			);
			name = Products;
			sourceTree = "<group>";
		};
		D7311E5D29E72A3C0085BB99 /* BlankAppDemo */ = {
			isa = PBXGroup;
			children = (
				D7311E5E29E72A3C0085BB99 /* AppDelegate.h */,
				D7311E5F29E72A3C0085BB99 /* AppDelegate.m */,
				D7311E6429E72A3C0085BB99 /* FirstViewController.h */,
				D7311E6529E72A3C0085BB99 /* FirstViewController.m */,
				D7311E6A29E72A3D0085BB99 /* Assets.xcassets */,
				D7311E6C29E72A3D0085BB99 /* LaunchScreen.storyboard */,
				D7311E6F29E72A3D0085BB99 /* Info.plist */,
				D7311E7029E72A3D0085BB99 /* main.m */,
			);
			path = BlankAppDemo;
			sourceTree = "<group>";
		};
/* End PBXGroup section */

/* Begin PBXNativeTarget section */
		D7311E5A29E72A3C0085BB99 /* BlankAppDemo */ = {
			isa = PBXNativeTarget;
			buildConfigurationList = D7311E7429E72A3D0085BB99 /* Build configuration list for PBXNativeTarget "BlankAppDemo" */;
			buildPhases = (
				D7311E5729E72A3C0085BB99 /* Sources */,
				D7311E5829E72A3C0085BB99 /* Frameworks */,
				D7311E5929E72A3C0085BB99 /* Resources */,
			);
			buildRules = (
			);
			dependencies = (
			);
			name = BlankAppDemo;
			productName = BlankAppDemo;
			productReference = D7311E5B29E72A3C0085BB99 /* BlankAppDemo.app */;
			productType = "com.apple.product-type.application";
		};
/* End PBXNativeTarget section */

/* Begin PBXProject section */
		D7311E5329E72A3C0085BB99 /* Project object */ = {
			isa = PBXProject;
			attributes = {
				LastUpgradeCheck = 1170;
				ORGANIZATIONNAME = abc;
				TargetAttributes = {
					D7311E5A29E72A3C0085BB99 = {
						CreatedOnToolsVersion = 11.7;
					};
				};
			};
			buildConfigurationList = D7311E5629E72A3C0085BB99 /* Build configuration list for PBXProject "BlankAppDemo" */;
			compatibilityVersion = "Xcode 9.3";
			developmentRegion = en;
			hasScannedForEncodings = 0;
			knownRegions = (
				en,
				Base,
			);
			mainGroup = D7311E5229E72A3C0085BB99;
			productRefGroup = D7311E5C29E72A3C0085BB99 /* Products */;
			projectDirPath = "";
			projectRoot = "";
			targets = (
				D7311E5A29E72A3C0085BB99 /* BlankAppDemo */,
			);
		};
/* End PBXProject section */

/* Begin PBXResourcesBuildPhase section */
		D7311E5929E72A3C0085BB99 /* Resources */ = {
			isa = PBXResourcesBuildPhase;
			buildActionMask = 2147483647;
			files = (
				D7311E6E29E72A3D0085BB99 /* LaunchScreen.storyboard in Resources */,
				D7311E6B29E72A3D0085BB99 /* Assets.xcassets in Resources */,
			);
			runOnlyForDeploymentPostprocessing = 0;
		};
/* End PBXResourcesBuildPhase section */

/* Begin PBXSourcesBuildPhase section */
		D7311E5729E72A3C0085BB99 /* Sources */ = {
			isa = PBXSourcesBuildPhase;
			buildActionMask = 2147483647;
			files = (
				D7311E6629E72A3C0085BB99 /* FirstViewController.m in Sources */,
				D7311E6029E72A3C0085BB99 /* AppDelegate.m in Sources */,
				D7311E7129E72A3D0085BB99 /* main.m in Sources */,
			);
			runOnlyForDeploymentPostprocessing = 0;
		};
/* End PBXSourcesBuildPhase section */

/* Begin PBXVariantGroup section */
		D7311E6C29E72A3D0085BB99 /* LaunchScreen.storyboard */ = {
			isa = PBXVariantGroup;
			children = (
				D7311E6D29E72A3D0085BB99 /* Base */,
			);
			name = LaunchScreen.storyboard;
			sourceTree = "<group>";
		};
/* End PBXVariantGroup section */

/* Begin XCBuildConfiguration section */
		D7311E7229E72A3D0085BB99 /* Debug */ = {
			isa = XCBuildConfiguration;
			buildSettings = {
				ALWAYS_SEARCH_USER_PATHS = NO;
				CLANG_ANALYZER_NONNULL = YES;
				CLANG_ANALYZER_NUMBER_OBJECT_CONVERSION = YES_AGGRESSIVE;
				CLANG_CXX_LANGUAGE_STANDARD = "gnu++14";
				CLANG_CXX_LIBRARY = "libc++";
				CLANG_ENABLE_MODULES = YES;
				CLANG_ENABLE_OBJC_ARC = YES;
				CLANG_ENABLE_OBJC_WEAK = YES;
				CLANG_WARN_BLOCK_CAPTURE_AUTORELEASING = YES;
				CLANG_WARN_BOOL_CONVERSION = YES;
				CLANG_WARN_COMMA = YES;
				CLANG_WARN_CONSTANT_CONVERSION = YES;
				CLANG_WARN_DEPRECATED_OBJC_IMPLEMENTATIONS = YES;
				CLANG_WARN_DIRECT_OBJC_ISA_USAGE = YES_ERROR;
				CLANG_WARN_DOCUMENTATION_COMMENTS = YES;
				CLANG_WARN_EMPTY_BODY = YES;
				CLANG_WARN_ENUM_CONVERSION = YES;
				CLANG_WARN_INFINITE_RECURSION = YES;
				CLANG_WARN_INT_CONVERSION = YES;
				CLANG_WARN_NON_LITERAL_NULL_CONVERSION = YES;
				CLANG_WARN_OBJC_IMPLICIT_RETAIN_SELF = YES;
				CLANG_WARN_OBJC_LITERAL_CONVERSION = YES;
				CLANG_WARN_OBJC_ROOT_CLASS = YES_ERROR;
				CLANG_WARN_RANGE_LOOP_ANALYSIS = YES;
				CLANG_WARN_STRICT_PROTOTYPES = YES;
				CLANG_WARN_SUSPICIOUS_MOVE = YES;
				CLANG_WARN_UNGUARDED_AVAILABILITY = YES_AGGRESSIVE;
				CLANG_WARN_UNREACHABLE_CODE = YES;
				CLANG_WARN__DUPLICATE_METHOD_MATCH = YES;
				COPY_PHASE_STRIP = NO;
				DEBUG_INFORMATION_FORMAT = dwarf;
				ENABLE_STRICT_OBJC_MSGSEND = YES;
				ENABLE_TESTABILITY = YES;
				GCC_C_LANGUAGE_STANDARD = gnu11;
				GCC_DYNAMIC_NO_PIC = NO;
				GCC_NO_COMMON_BLOCKS = YES;
				GCC_OPTIMIZATION_LEVEL = 0;
				GCC_PREPROCESSOR_DEFINITIONS = (
					"DEBUG=1",
					"$(inherited)",
				);
				GCC_WARN_64_TO_32_BIT_CONVERSION = YES;
				GCC_WARN_ABOUT_RETURN_TYPE = YES_ERROR;
				GCC_WARN_UNDECLARED_SELECTOR = YES;
				GCC_WARN_UNINITIALIZED_AUTOS = YES_AGGRESSIVE;
				GCC_WARN_UNUSED_FUNCTION = YES;
				GCC_WARN_UNUSED_VARIABLE = YES;
				IPHONEOS_DEPLOYMENT_TARGET = 13.7;
				MTL_ENABLE_DEBUG_INFO = INCLUDE_SOURCE;
				MTL_FAST_MATH = YES;
				ONLY_ACTIVE_ARCH = YES;
				SDKROOT = iphoneos;
			};
			name = Debug;
		};
		D7311E7329E72A3D0085BB99 /* Release */ = {
			isa = XCBuildConfiguration;
			buildSettings = {
				ALWAYS_SEARCH_USER_PATHS = NO;
				CLANG_ANALYZER_NONNULL = YES;
				CLANG_ANALYZER_NUMBER_OBJECT_CONVERSION = YES_AGGRESSIVE;
				CLANG_CXX_LANGUAGE_STANDARD = "gnu++14";
				CLANG_CXX_LIBRARY = "libc++";
				CLANG_ENABLE_MODULES = YES;
				CLANG_ENABLE_OBJC_ARC = YES;
				CLANG_ENABLE_OBJC_WEAK = YES;
				CLANG_WARN_BLOCK_CAPTURE_AUTORELEASING = YES;
				CLANG_WARN_BOOL_CONVERSION = YES;
				CLANG_WARN_COMMA = YES;
				CLANG_WARN_CONSTANT_CONVERSION = YES;
				CLANG_WARN_DEPRECATED_OBJC_IMPLEMENTATIONS = YES;
				CLANG_WARN_DIRECT_OBJC_ISA_USAGE = YES_ERROR;
				CLANG_WARN_DOCUMENTATION_COMMENTS = YES;
				CLANG_WARN_EMPTY_BODY = YES;
				CLANG_WARN_ENUM_CONVERSION = YES;
				CLANG_WARN_INFINITE_RECURSION = YES;
				CLANG_WARN_INT_CONVERSION = YES;
				CLANG_WARN_NON_LITERAL_NULL_CONVERSION = YES;
				CLANG_WARN_OBJC_IMPLICIT_RETAIN_SELF = YES;
				CLANG_WARN_OBJC_LITERAL_CONVERSION = YES;
				CLANG_WARN_OBJC_ROOT_CLASS = YES_ERROR;
				CLANG_WARN_RANGE_LOOP_ANALYSIS = YES;
				CLANG_WARN_STRICT_PROTOTYPES = YES;
				CLANG_WARN_SUSPICIOUS_MOVE = YES;
				CLANG_WARN_UNGUARDED_AVAILABILITY = YES_AGGRESSIVE;
				CLANG_WARN_UNREACHABLE_CODE = YES;
				CLANG_WARN__DUPLICATE_METHOD_MATCH = YES;
				COPY_PHASE_STRIP = NO;
				DEBUG_INFORMATION_FORMAT = "dwarf-with-dsym";
				ENABLE_NS_ASSERTIONS = NO;
				ENABLE_STRICT_OBJC_MSGSEND = YES;
				GCC_C_LANGUAGE_STANDARD = gnu11;
				GCC_NO_COMMON_BLOCKS = YES;
				GCC_WARN_64_TO_32_BIT_CONVERSION = YES;
				GCC_WARN_ABOUT_RETURN_TYPE = YES_ERROR;
				GCC_WARN_UNDECLARED_SELECTOR = YES;
				GCC_WARN_UNINITIALIZED_AUTOS = YES_AGGRESSIVE;
				GCC_WARN_UNUSED_FUNCTION = YES;
				GCC_WARN_UNUSED_VARIABLE = YES;
				IPHONEOS_DEPLOYMENT_TARGET = 13.7;
				MTL_ENABLE_DEBUG_INFO = NO;
				MTL_FAST_MATH = YES;
				SDKROOT = iphoneos;
				VALIDATE_PRODUCT = YES;
			};
			name = Release;
		};
		D7311E7529E72A3D0085BB99 /* Debug */ = {
			isa = XCBuildConfiguration;
			buildSettings = {
				ASSETCATALOG_COMPILER_APPICON_NAME = AppIcon;
				CODE_SIGN_STYLE = Automatic;
				INFOPLIST_FILE = BlankAppDemo/Info.plist;
				IPHONEOS_DEPLOYMENT_TARGET = 11.0;
				LD_RUNPATH_SEARCH_PATHS = (
					"$(inherited)",
					"@executable_path/Frameworks",
				);
				PRODUCT_BUNDLE_IDENTIFIER = com.abc.BlankAppDemo;
				PRODUCT_NAME = "$(TARGET_NAME)";
				TARGETED_DEVICE_FAMILY = "1,2";
			};
			name = Debug;
		};
		D7311E7629E72A3D0085BB99 /* Release */ = {
			isa = XCBuildConfiguration;
			buildSettings = {
				ASSETCATALOG_COMPILER_APPICON_NAME = AppIcon;
				CODE_SIGN_STYLE = Automatic;
				INFOPLIST_FILE = BlankAppDemo/Info.plist;
				IPHONEOS_DEPLOYMENT_TARGET = 11.0;
				LD_RUNPATH_SEARCH_PATHS = (
					"$(inherited)",
					"@executable_path/Frameworks",
				);
				PRODUCT_BUNDLE_IDENTIFIER = com.abc.BlankAppDemo;
				PRODUCT_NAME = "$(TARGET_NAME)";
				TARGETED_DEVICE_FAMILY = "1,2";
			};
			name = Release;
		};
/* End XCBuildConfiguration section */

/* Begin XCConfigurationList section */
		D7311E5629E72A3C0085BB99 /* Build configuration list for PBXProject "BlankAppDemo" */ = {
			isa = XCConfigurationList;
			buildConfigurations = (
				D7311E7229E72A3D0085BB99 /* Debug */,
				D7311E7329E72A3D0085BB99 /* Release */,
			);
			defaultConfigurationIsVisible = 0;
			defaultConfigurationName = Release;
		};
		D7311E7429E72A3D0085BB99 /* Build configuration list for PBXNativeTarget "BlankAppDemo" */ = {
			isa = XCConfigurationList;
			buildConfigurations = (
				D7311E7529E72A3D0085BB99 /* Debug */,
				D7311E7629E72A3D0085BB99 /* Release */,
			);
			defaultConfigurationIsVisible = 0;
			defaultConfigurationName = Release;
		};
/* End XCConfigurationList section */
	};
	rootObject = D7311E5329E72A3C0085BB99 /* Project object */;
}
